
Microsoft Visual Studio Solution File, Format Version 12.00
# Visual Studio 15
VisualStudioVersion = 15.0.27130.2010
MinimumVisualStudioVersion = 10.0.40219.1
Project("{FAE04EC0-301F-11D3-BF4B-00C04F79EFBC}") = "Starnet.ObjectComparer", "Starnet.ObjectComparer\Starnet.ObjectComparer.csproj", "{8C4C3BA3-A431-4343-98CF-688DB974A9D1}"
EndProject
Global
	GlobalSection(SolutionConfigurationPlatforms) = preSolution
		Debug|Any CPU = Debug|Any CPU
		Release|Any CPU = Release|Any CPU
	EndGlobalSection
	GlobalSection(ProjectConfigurationPlatforms) = postSolution
		{8C4C3BA3-A431-4343-98CF-688DB974A9D1}.Debug|Any CPU.ActiveCfg = Debug|Any CPU
		{8C4C3BA3-A431-4343-98CF-688DB974A9D1}.Debug|Any CPU.Build.0 = Debug|Any CPU
		{8C4C3BA3-A431-4343-98CF-688DB974A9D1}.Release|Any CPU.ActiveCfg = Release|Any CPU
		{8C4C3BA3-A431-4343-98CF-688DB974A9D1}.Release|Any CPU.Build.0 = Release|Any CPU
	EndGlobalSection
	GlobalSection(SolutionProperties) = preSolution
		HideSolutionNode = FALSE
	EndGlobalSection
	GlobalSection(ExtensibilityGlobals) = postSolution
		SolutionGuid = {1CFA6F5B-C23E-4F6F-B713-00E57BED43FD}
	EndGlobalSection
EndGlobal
