
Microsoft Visual Studio Solution File, Format Version 12.00
# Visual Studio Version 16
VisualStudioVersion = 16.0.29102.190
MinimumVisualStudioVersion = 10.0.40219.1
Project("{9A19103F-16F7-4668-BE54-9A1E7A4F7556}") = "Starnet.Projections", "Starnet.Projections\Starnet.Projections.csproj", "{F27AA905-BF70-46F5-94AC-54048CB3C3AB}"
EndProject
Project("{9A19103F-16F7-4668-BE54-9A1E7A4F7556}") = "Starnet.Projections.UnitTests", "Starnet.Projections.Tests\Starnet.Projections.UnitTests.csproj", "{298B577F-73E9-438C-9304-759C6B4E4BAA}"
EndProject
Project("{9A19103F-16F7-4668-BE54-9A1E7A4F7556}") = "Starnet.Projections.ES", "Starnet.Projections.ES\Starnet.Projections.ES.csproj", "{C6EC9D02-ED28-492A-9784-7DFB0D278DB3}"
EndProject
Project("{2150E333-8FDC-42A3-9474-1A3956D46DE8}") = "EventStore", "EventStore", "{D4ABA092-0363-4A74-BAA6-8AE28D253E03}"
EndProject
Project("{9A19103F-16F7-4668-BE54-9A1E7A4F7556}") = "Starnet.Projections.ES.IntegrationTests", "Starnet.Projections.ES.IntegrationTests\Starnet.Projections.ES.IntegrationTests.csproj", "{7229C6B5-9495-4A4A-9F98-3284095B9FFF}"
EndProject
Project("{2150E333-8FDC-42A3-9474-1A3956D46DE8}") = "RavenDb", "RavenDb", "{4D86DC5F-3CC4-4EC8-B14E-EE9CE1149877}"
EndProject
Project("{9A19103F-16F7-4668-BE54-9A1E7A4F7556}") = "Starnet.Projections.RavenDb", "Starnet.Projections.RavenDb\Starnet.Projections.RavenDb.csproj", "{1D06C5DE-A875-4E47-80A7-E326970C4561}"
EndProject
Project("{9A19103F-16F7-4668-BE54-9A1E7A4F7556}") = "Starnet.Projections.Testing", "Starnet.Projections.Testing\Starnet.Projections.Testing.csproj", "{135EC633-2D45-47E6-83E6-B70457BB8F14}"
EndProject
Project("{9A19103F-16F7-4668-BE54-9A1E7A4F7556}") = "Starnet.Projections.RavenDb.IntegrationTests", "Starnet.Projections.RavenDb.IntegrationTests\Starnet.Projections.RavenDb.IntegrationTests.csproj", "{0D456893-ACF9-4F8C-B83D-21924C179A93}"
	ProjectSection(ProjectDependencies) = postProject
		{1D06C5DE-A875-4E47-80A7-E326970C4561} = {1D06C5DE-A875-4E47-80A7-E326970C4561}
	EndProjectSection
EndProject
Global
	GlobalSection(SolutionConfigurationPlatforms) = preSolution
		Debug|Any CPU = Debug|Any CPU
		Release|Any CPU = Release|Any CPU
	EndGlobalSection
	GlobalSection(ProjectConfigurationPlatforms) = postSolution
		{F27AA905-BF70-46F5-94AC-54048CB3C3AB}.Debug|Any CPU.ActiveCfg = Debug|Any CPU
		{F27AA905-BF70-46F5-94AC-54048CB3C3AB}.Debug|Any CPU.Build.0 = Debug|Any CPU
		{F27AA905-BF70-46F5-94AC-54048CB3C3AB}.Release|Any CPU.ActiveCfg = Release|Any CPU
		{F27AA905-BF70-46F5-94AC-54048CB3C3AB}.Release|Any CPU.Build.0 = Release|Any CPU
		{298B577F-73E9-438C-9304-759C6B4E4BAA}.Debug|Any CPU.ActiveCfg = Debug|Any CPU
		{298B577F-73E9-438C-9304-759C6B4E4BAA}.Debug|Any CPU.Build.0 = Debug|Any CPU
		{298B577F-73E9-438C-9304-759C6B4E4BAA}.Release|Any CPU.ActiveCfg = Release|Any CPU
		{298B577F-73E9-438C-9304-759C6B4E4BAA}.Release|Any CPU.Build.0 = Release|Any CPU
		{C6EC9D02-ED28-492A-9784-7DFB0D278DB3}.Debug|Any CPU.ActiveCfg = Debug|Any CPU
		{C6EC9D02-ED28-492A-9784-7DFB0D278DB3}.Debug|Any CPU.Build.0 = Debug|Any CPU
		{C6EC9D02-ED28-492A-9784-7DFB0D278DB3}.Release|Any CPU.ActiveCfg = Release|Any CPU
		{C6EC9D02-ED28-492A-9784-7DFB0D278DB3}.Release|Any CPU.Build.0 = Release|Any CPU
		{7229C6B5-9495-4A4A-9F98-3284095B9FFF}.Debug|Any CPU.ActiveCfg = Debug|Any CPU
		{7229C6B5-9495-4A4A-9F98-3284095B9FFF}.Debug|Any CPU.Build.0 = Debug|Any CPU
		{7229C6B5-9495-4A4A-9F98-3284095B9FFF}.Release|Any CPU.ActiveCfg = Release|Any CPU
		{7229C6B5-9495-4A4A-9F98-3284095B9FFF}.Release|Any CPU.Build.0 = Release|Any CPU
		{1D06C5DE-A875-4E47-80A7-E326970C4561}.Debug|Any CPU.ActiveCfg = Debug|Any CPU
		{1D06C5DE-A875-4E47-80A7-E326970C4561}.Debug|Any CPU.Build.0 = Debug|Any CPU
		{1D06C5DE-A875-4E47-80A7-E326970C4561}.Release|Any CPU.ActiveCfg = Release|Any CPU
		{1D06C5DE-A875-4E47-80A7-E326970C4561}.Release|Any CPU.Build.0 = Release|Any CPU
		{135EC633-2D45-47E6-83E6-B70457BB8F14}.Debug|Any CPU.ActiveCfg = Debug|Any CPU
		{135EC633-2D45-47E6-83E6-B70457BB8F14}.Debug|Any CPU.Build.0 = Debug|Any CPU
		{135EC633-2D45-47E6-83E6-B70457BB8F14}.Release|Any CPU.ActiveCfg = Release|Any CPU
		{135EC633-2D45-47E6-83E6-B70457BB8F14}.Release|Any CPU.Build.0 = Release|Any CPU
		{0D456893-ACF9-4F8C-B83D-21924C179A93}.Debug|Any CPU.ActiveCfg = Debug|Any CPU
		{0D456893-ACF9-4F8C-B83D-21924C179A93}.Debug|Any CPU.Build.0 = Debug|Any CPU
		{0D456893-ACF9-4F8C-B83D-21924C179A93}.Release|Any CPU.ActiveCfg = Release|Any CPU
		{0D456893-ACF9-4F8C-B83D-21924C179A93}.Release|Any CPU.Build.0 = Release|Any CPU
	EndGlobalSection
	GlobalSection(SolutionProperties) = preSolution
		HideSolutionNode = FALSE
	EndGlobalSection
	GlobalSection(NestedProjects) = preSolution
		{C6EC9D02-ED28-492A-9784-7DFB0D278DB3} = {D4ABA092-0363-4A74-BAA6-8AE28D253E03}
		{7229C6B5-9495-4A4A-9F98-3284095B9FFF} = {D4ABA092-0363-4A74-BAA6-8AE28D253E03}
		{1D06C5DE-A875-4E47-80A7-E326970C4561} = {4D86DC5F-3CC4-4EC8-B14E-EE9CE1149877}
		{0D456893-ACF9-4F8C-B83D-21924C179A93} = {4D86DC5F-3CC4-4EC8-B14E-EE9CE1149877}
	EndGlobalSection
	GlobalSection(ExtensibilityGlobals) = postSolution
		SolutionGuid = {E45F0D46-F648-4D79-B323-CAD92E86BBB3}
	EndGlobalSection
EndGlobal
